
Microsoft Visual Studio Solution File, Format Version 12.00
# Visual Studio Version 16
VisualStudioVersion = 16.0.31729.503
MinimumVisualStudioVersion = 10.0.40219.1
Project("{FAE04EC0-301F-11D3-BF4B-00C04F79EFBC}") = "ToyRobotSimulation", "ToyRobotSimulation.csproj", "{24F8D3F8-1CE9-4B3D-85DE-81ABC4E9DDFF}"
EndProject
Project("{FAE04EC0-301F-11D3-BF4B-00C04F79EFBC}") = "ToyRobotSimulation.Tests", "..\ToyRobotSimulation.Tests\ToyRobotSimulation.Tests.csproj", "{1AFA14FE-FD1D-4B12-B47B-3535EE812B8E}"
EndProject
Global
	GlobalSection(SolutionConfigurationPlatforms) = preSolution
		Debug|Any CPU = Debug|Any CPU
		Release|Any CPU = Release|Any CPU
	EndGlobalSection
	GlobalSection(ProjectConfigurationPlatforms) = postSolution
		{24F8D3F8-1CE9-4B3D-85DE-81ABC4E9DDFF}.Debug|Any CPU.ActiveCfg = Debug|Any CPU
		{24F8D3F8-1CE9-4B3D-85DE-81ABC4E9DDFF}.Debug|Any CPU.Build.0 = Debug|Any CPU
		{24F8D3F8-1CE9-4B3D-85DE-81ABC4E9DDFF}.Release|Any CPU.ActiveCfg = Release|Any CPU
		{24F8D3F8-1CE9-4B3D-85DE-81ABC4E9DDFF}.Release|Any CPU.Build.0 = Release|Any CPU
		{1AFA14FE-FD1D-4B12-B47B-3535EE812B8E}.Debug|Any CPU.ActiveCfg = Debug|Any CPU
		{1AFA14FE-FD1D-4B12-B47B-3535EE812B8E}.Debug|Any CPU.Build.0 = Debug|Any CPU
		{1AFA14FE-FD1D-4B12-B47B-3535EE812B8E}.Release|Any CPU.ActiveCfg = Release|Any CPU
		{1AFA14FE-FD1D-4B12-B47B-3535EE812B8E}.Release|Any CPU.Build.0 = Release|Any CPU
	EndGlobalSection
	GlobalSection(SolutionProperties) = preSolution
		HideSolutionNode = FALSE
	EndGlobalSection
	GlobalSection(ExtensibilityGlobals) = postSolution
		SolutionGuid = {FA94E694-D34D-4170-9791-4439BA61B6F2}
	EndGlobalSection
EndGlobal
